
Microsoft Visual Studio Solution File, Format Version 12.00
# Visual Studio Version 17
VisualStudioVersion = 17.0.31903.59
MinimumVisualStudioVersion = 10.0.40219.1
Project("{FAE04EC0-301F-11D3-BF4B-00C04F79EFBC}") = "Practice.Core", "Practice.Core\Practice.Core.csproj", "{737D09D6-2DA5-4E81-B96B-B87AF265A6AA}"
EndProject
Project("{FAE04EC0-301F-11D3-BF4B-00C04F79EFBC}") = "Practice.Business", "Practice.Business\Practice.Business.csproj", "{4B30EABE-A91E-43C9-B119-421A8605F111}"
EndProject
Project("{FAE04EC0-301F-11D3-BF4B-00C04F79EFBC}") = "Practice.Data", "Practice.Data\Practice.Data.csproj", "{E3001C8C-2008-4039-A063-A6C2606FDD8C}"
EndProject
Project("{FAE04EC0-301F-11D3-BF4B-00C04F79EFBC}") = "Practice.Entity", "Practice.Entity\Practice.Entity.csproj", "{5D86B702-808E-4C18-BB53-8732C3B81D71}"
EndProject
Project("{FAE04EC0-301F-11D3-BF4B-00C04F79EFBC}") = "Practice.WebAPI", "Practice.WebAPI\Practice.WebAPI.csproj", "{454F6DE1-8C1B-431C-8B0F-376B90E602BD}"
EndProject
Global
	GlobalSection(SolutionConfigurationPlatforms) = preSolution
		Debug|Any CPU = Debug|Any CPU
		Release|Any CPU = Release|Any CPU
	EndGlobalSection
	GlobalSection(ProjectConfigurationPlatforms) = postSolution
		{737D09D6-2DA5-4E81-B96B-B87AF265A6AA}.Debug|Any CPU.ActiveCfg = Debug|Any CPU
		{737D09D6-2DA5-4E81-B96B-B87AF265A6AA}.Debug|Any CPU.Build.0 = Debug|Any CPU
		{737D09D6-2DA5-4E81-B96B-B87AF265A6AA}.Release|Any CPU.ActiveCfg = Release|Any CPU
		{737D09D6-2DA5-4E81-B96B-B87AF265A6AA}.Release|Any CPU.Build.0 = Release|Any CPU
		{4B30EABE-A91E-43C9-B119-421A8605F111}.Debug|Any CPU.ActiveCfg = Debug|Any CPU
		{4B30EABE-A91E-43C9-B119-421A8605F111}.Debug|Any CPU.Build.0 = Debug|Any CPU
		{4B30EABE-A91E-43C9-B119-421A8605F111}.Release|Any CPU.ActiveCfg = Release|Any CPU
		{4B30EABE-A91E-43C9-B119-421A8605F111}.Release|Any CPU.Build.0 = Release|Any CPU
		{E3001C8C-2008-4039-A063-A6C2606FDD8C}.Debug|Any CPU.ActiveCfg = Debug|Any CPU
		{E3001C8C-2008-4039-A063-A6C2606FDD8C}.Debug|Any CPU.Build.0 = Debug|Any CPU
		{E3001C8C-2008-4039-A063-A6C2606FDD8C}.Release|Any CPU.ActiveCfg = Release|Any CPU
		{E3001C8C-2008-4039-A063-A6C2606FDD8C}.Release|Any CPU.Build.0 = Release|Any CPU
		{5D86B702-808E-4C18-BB53-8732C3B81D71}.Debug|Any CPU.ActiveCfg = Debug|Any CPU
		{5D86B702-808E-4C18-BB53-8732C3B81D71}.Debug|Any CPU.Build.0 = Debug|Any CPU
		{5D86B702-808E-4C18-BB53-8732C3B81D71}.Release|Any CPU.ActiveCfg = Release|Any CPU
		{5D86B702-808E-4C18-BB53-8732C3B81D71}.Release|Any CPU.Build.0 = Release|Any CPU
		{454F6DE1-8C1B-431C-8B0F-376B90E602BD}.Debug|Any CPU.ActiveCfg = Debug|Any CPU
		{454F6DE1-8C1B-431C-8B0F-376B90E602BD}.Debug|Any CPU.Build.0 = Debug|Any CPU
		{454F6DE1-8C1B-431C-8B0F-376B90E602BD}.Release|Any CPU.ActiveCfg = Release|Any CPU
		{454F6DE1-8C1B-431C-8B0F-376B90E602BD}.Release|Any CPU.Build.0 = Release|Any CPU
	EndGlobalSection
	GlobalSection(SolutionProperties) = preSolution
		HideSolutionNode = FALSE
	EndGlobalSection
	GlobalSection(ExtensibilityGlobals) = postSolution
		SolutionGuid = {5E9EACA4-3C0E-462F-8090-9D4ED736D81B}
	EndGlobalSection
EndGlobal
